
Microsoft Visual Studio Solution File, Format Version 12.00
# Visual Studio Version 16
VisualStudioVersion = 16.0.29409.12
MinimumVisualStudioVersion = 10.0.40219.1
Project("{9A19103F-16F7-4668-BE54-9A1E7A4F7556}") = "FreshyCartDAL", "FreshyCartDAL\FreshyCartDAL.csproj", "{82B80DBB-96B1-4BD6-8E56-CDC4D8229B2C}"
EndProject
Project("{9A19103F-16F7-4668-BE54-9A1E7A4F7556}") = "FreshyCartWebAPI", "FreshyCartWebAPI\FreshyCartWebAPI.csproj", "{01714285-7486-461D-8DBA-247BB7F8258D}"
EndProject
Global
	GlobalSection(SolutionConfigurationPlatforms) = preSolution
		Debug|Any CPU = Debug|Any CPU
		Release|Any CPU = Release|Any CPU
	EndGlobalSection
	GlobalSection(ProjectConfigurationPlatforms) = postSolution
		{82B80DBB-96B1-4BD6-8E56-CDC4D8229B2C}.Debug|Any CPU.ActiveCfg = Debug|Any CPU
		{82B80DBB-96B1-4BD6-8E56-CDC4D8229B2C}.Debug|Any CPU.Build.0 = Debug|Any CPU
		{82B80DBB-96B1-4BD6-8E56-CDC4D8229B2C}.Release|Any CPU.ActiveCfg = Release|Any CPU
		{82B80DBB-96B1-4BD6-8E56-CDC4D8229B2C}.Release|Any CPU.Build.0 = Release|Any CPU
		{01714285-7486-461D-8DBA-247BB7F8258D}.Debug|Any CPU.ActiveCfg = Debug|Any CPU
		{01714285-7486-461D-8DBA-247BB7F8258D}.Debug|Any CPU.Build.0 = Debug|Any CPU
		{01714285-7486-461D-8DBA-247BB7F8258D}.Release|Any CPU.ActiveCfg = Release|Any CPU
		{01714285-7486-461D-8DBA-247BB7F8258D}.Release|Any CPU.Build.0 = Release|Any CPU
	EndGlobalSection
	GlobalSection(SolutionProperties) = preSolution
		HideSolutionNode = FALSE
	EndGlobalSection
	GlobalSection(ExtensibilityGlobals) = postSolution
		SolutionGuid = {363F94DB-885A-46F8-B3FA-8F51BA099617}
	EndGlobalSection
EndGlobal
